# This file was autogenerated by uv via the following command:
#    uv pip compile requirements/stt.in --python-platform x86_64-unknown-linux-gnu --generate-hashes
anyio==4.12.1 \
    --hash=sha256:41cfcc3a4c85d3f05c932da7c26d0201ac36f72abd4435ba90d0464a3ffed703 \
    --hash=sha256:d405828884fc140aa80a3c667b8beed277f1dfedec42ba031bd6ac3db606ab6c
av==18.1.0 \
    --hash=sha256:025f84494cb23278498f03b0d8117d3e47a1cbc9c44b97eb31875cf02251e46b \
    --hash=sha256:08a9ae288299cfcbf739dba4ad0c53b9b71f45184303dd45947920d022fed695 \
    --hash=sha256:191224788d87af06c31784a395bb73f14b72f33d7f4871ace0157de2abdc6276 \
    --hash=sha256:3c8b1f8b46f99d52e2d8b0ed5d0cdadf172d24794d46e2077b16e44ed08e26ff \
    --hash=sha256:47bfc286e1bc9de7ab4681fc2b575cd2460a66919d31ffe1bd5aa54fae531a28 \
    --hash=sha256:5509ec12aaa19fd6601de13cfa6f4cdad450da07982118510592875d970454d6 \
    --hash=sha256:5548b79e2bf1f59b3e9aedc918a72d9dc45b9adaac10ff9470d5dbdda0002e47 \
    --hash=sha256:5cd9085028902c9880622bd37a12fd4b33060f06a52311f6f4867ca9f29a2c3b \
    --hash=sha256:6fc837cc51adf80331ac850779cd53b5d4c4460b0ebe9057a02a921c6736f19d \
    --hash=sha256:8a032e8d8ebc73dec079364b9b4a6837638a2d106e8472314e685ffbf163e700 \
    --hash=sha256:ab5ac081bc9eaf54109120d4e56284674fecfbe520d9aa1707c7fa911ec5f4d2 \
    --hash=sha256:ae75d8bb6467895ed1f8572ededf7ffa49eac07f6e483222f5d7d62a41d12f04 \
    --hash=sha256:b30a4e8d934558e19602b68998a4d9ac9f250fa0dacef216f7e8e40153b13316 \
    --hash=sha256:b36b0bae9e4c62f9487c99481ec15e4e3870fcc868522cd6d18fc2d6bfa04f01 \
    --hash=sha256:cf8a17466bef07765dbdecc9e66ed9b25d20b4e14f654fbf35345a58ac45fa0c \
    --hash=sha256:d49a5c542dfdc00f43c6cdb6cc41dac1781ee206fe180b56aa7433dfa816dfae \
    --hash=sha256:e4d48b9f12cad009cc72fe4f4099107de5e819c95f82767f4fd01a01481c0661 \
    --hash=sha256:e7ea063f6690193ea335a1d592d6e0274350d45e2ed6af83ee107cb90cbfd84f \
    --hash=sha256:ea1480b7a8d5405cb5f382b344731bf125fd2c1c6fae3964f6c48595628387ff
certifi==2026.5.20 \
    --hash=sha256:3c52e209ba0a4ad7aebe60436a4ab349c39e1e602e8c134221e546902ad25897 \
    --hash=sha256:69dea482ab64caa7b9f6aba1c6bf48bb6a5448d1c0f1b17ab42ad8c763a5344d
click==8.4.2 \
    --hash=sha256:9a6cea6e60b17ebe0a44c5cc636d94f09bd66142c1cd7d8b4cd731c4917a15f6 \
    --hash=sha256:e6f9f66136c816745b9d65817da91d61d957fb16e02e4dcd0552553c5a197b76
ctranslate2==4.8.1 \
    --hash=sha256:0030670278a73cae09dff9bca72cdd248af61f9367257f18db9b3b94fbb3a50d \
    --hash=sha256:079976cbce3a68de04bf9948d08c96beb86df44e5cd2974e4187bc9c9bb388f3 \
    --hash=sha256:12dbb5b756d0614d3943aa27b36da242ce173e9d21d90c7ec59592654f56105c \
    --hash=sha256:1910752ec541980644191fa3b407bc61dee00e88070b0aed29b4cef75010b3ea \
    --hash=sha256:2665cee79ba69a5f5f9a71b7821988f032ff13feab23fb2390b7b0399bf2a11e \
    --hash=sha256:4242a7f8e285f922525f4cffd5b1fb43cbacc61d0611cf54832e9c447d030840 \
    --hash=sha256:449ab612cdbc8615776b36bfa88fc1daa2d8d17e32a938bffac4743a79f80cba \
    --hash=sha256:49f96e861b57301f0b76a082109bde2cac8204a6b4fedc870883008271e82251 \
    --hash=sha256:4c2db633a06e3b34bbfb72fd26eee58053d9df1f9c1610ac4df3a6a1e25af7d7 \
    --hash=sha256:5ca144b93035b9f53e6d67b7cdf5802c3fffca9aa0247940eecbd4592c68ce2f \
    --hash=sha256:6a9e750fc9df4682d580891ef2b53c05f16c8da2c2b4baaa78fe8267d1dbfcfa \
    --hash=sha256:71bd3bda759726f84869bb7d1e196daf6499f0f530395fc07b6deb89fb3d908e \
    --hash=sha256:74bae0a8dc9f98c5a6100bf1c17a91782b384ea53b83e2606030ebf9f25318fe \
    --hash=sha256:7a28c5889585cd17ee3649dfd46d9002ddf50204173f8bff476b9f76d6585795 \
    --hash=sha256:82982f07a7d615d2248d17d6ec4c43cd50e534b094aa27cda62125a5e3a6e3fc \
    --hash=sha256:82e0e6eb7d4301fd79a714495c8faf34242e09542cef04c9e9794c3fe90014a1 \
    --hash=sha256:84723cae6f802551bbf2438e5e4810722631a2183b89a82c31df26566b54821d \
    --hash=sha256:85ef15ce0b2172ec471975b8a30d5c5bc71e7cffcd163ad6c07ea32f1943d940 \
    --hash=sha256:911a5cdef8a405c1804330613a1865f616eb9c092a0e932ee4648128eb20b627 \
    --hash=sha256:9de0dddd91ae68da0a7323441e90708d14b31d31cd443004dda0e1198b5bf11e \
    --hash=sha256:a2dcce0a57beee984a691d9daa8fc3fd389f5b6cada2644c34571011833bd5b1 \
    --hash=sha256:aa0e71c5f1b509f8c972e2b80fa2ef2cef7fcf3344135fd4eb997b9fd5ff5577 \
    --hash=sha256:ae3e18ee44c6ead07d86174ecb911a8445c0a531e6c40073a1a4ff6d672961cf \
    --hash=sha256:b4c3246aa4a7f309109a841ca743a72cc4abad4f93c0bf7da691023323215621 \
    --hash=sha256:ba628835e6ad4ad399261ab6cb51bf152de563e6b122a9e8eb0c61e69f925931 \
    --hash=sha256:c0a584c17f21779eb9035bcbc1ec280998f90b36725b70a5ff911f33e343199a \
    --hash=sha256:c90eb0bd67b6bb183712cc3fd14bf01ec4f622cd625c5b33cc6c56be7d1c9c34 \
    --hash=sha256:c989f747789e8619cbc2e06443b3674c31bc71bad0369652485bd894b627360a \
    --hash=sha256:d52499f05a60a791aeadee28d609efa130142f376d1ea76b2b1c593bb01f8827 \
    --hash=sha256:d5fe13a18dfecb9d5a23d2d5cfa0f21db37aff18c46a2b1fe16495a11f1799b3 \
    --hash=sha256:dacc408f716ebc73b3b3c6ddd937700e776c4c68b6d9c81862990150ff0f6af6 \
    --hash=sha256:dc9f1abef55579cc02cdc74b3a55df38491ec56d177d6e6039609d61d09ed30e \
    --hash=sha256:e3e3aef4670a6c8dcea367401675f82b49b02c18f5837221bcd7cca90b1707a8 \
    --hash=sha256:e42ce3affb03ffc661e8f35d6e7845f16e6463884b9ba7857396d649520da819 \
    --hash=sha256:f3172c29470c1280ebb9f4a53aa4a913650e091f95740c732cd13b4b910c734d
faster-whisper==1.2.1 \
    --hash=sha256:79a66ad50688c0b794dd501dc340a736992a6342f7f95e5811be60b5224a26a7
filelock==3.32.3 \
    --hash=sha256:0ffa185a3540854c95caa7fa76b76cb219d907415e2c5dc9af25fd970563487f \
    --hash=sha256:7f0ca4bcc0e181c60dbbd8aa9ab5b120ebb99e4e064e83636340056f833a1f09
flatbuffers==25.12.19 \
    --hash=sha256:7634f50c427838bb021c2d66a3d1168e9d199b0607e6329399f04846d42e20b4
fsspec==2026.7.0 \
    --hash=sha256:b57ddbafedfaef7018c1ecab32aa200a9d7ca26b77965f64e48b70061249d279 \
    --hash=sha256:c803c40f4cf860b49dea58ee3e1c33cb9c790520e233537e1340049f89b82a88
h11==0.16.0 \
    --hash=sha256:4e35b956cf45792e4caa5885e69fba00bdbc6ffafbfa020300e549b208ee5ff1 \
    --hash=sha256:63cf8bbe7522de3bf65932fda1d9c2772064ffb3dae62d55932da54b31cb6c86
hf-xet==1.6.0 \
    --hash=sha256:0e6e21fa3cdfcdcd76748564bf593870a5e013f47d97cf10aed63aa222cff5b7 \
    --hash=sha256:23379c2f9ec8696d952b16414a2bae72cad86a52df869b050698ba60f538c675 \
    --hash=sha256:2e58454a340b3556dfa4972d5451aff4fba8dd42a236600ba1a1d2b1514f0fef \
    --hash=sha256:35cec30d75c6f9eb9c16a77cef68e85a103b72e24d4b473714ec9ff06428bab9 \
    --hash=sha256:3dc3e35441ba395006af5aaacc40ef2e603c51ef46c3530b9156185f00935ea3 \
    --hash=sha256:4fc74352a17015bd0ee90038bc9efe38db894cde45f268b6712b04fce8cd0acb \
    --hash=sha256:5153e6bb103ad49d6ea9f1b2e230db5a2ea32551ad09a706d2f61d7c7c80d80e \
    --hash=sha256:5789835d7c6bc9436962853192082374297fb72d7eff7e7762ec25ceb7e25338 \
    --hash=sha256:633dc0cd71d32da58ab8c03ad38e2fac452c15c2b0a2866ebf6ededfe0a5061d \
    --hash=sha256:70cbb9c896901600128cb9b6f06e132954fbede1db30f31f7c6c63f84cb7c31d \
    --hash=sha256:75765820ce4700db3750c94acc8fe27c5fae4c9ec000a0dbac3ca082acf97765 \
    --hash=sha256:8fb4f71cba6129110c3374a33f919001ff130488fc23553698e34cc1c2a1198c \
    --hash=sha256:948f15d3a9545cfe5932f6bd8b440f6ae630aee108f14b7bd6c561f7c2dcc522 \
    --hash=sha256:d62671bb130879cef0ee4c9ebe47a14af6c66ec53e6d84dc15936e5ffdfac82f \
    --hash=sha256:f0906082d9932ae0c0057fa194041c22b4e2cdb46b2592ef3b91f020d62a081a \
    --hash=sha256:f2f7278c05c22fd60cb436cda1269649b3e81db65ecdc8496e5e164aa4143e7b \
    --hash=sha256:fb4fadde1b2b70bf4c0c14a6dccbe7194b1c28947fefd5bbe3fed9d940676c3b
httpcore==1.0.9 \
    --hash=sha256:2d400746a40668fc9dec9810239072b40b4484b640a8c38fd654a024c7a1bf55 \
    --hash=sha256:6e34463af53fd2ab5d807f399a9b45ea31c3dfa2276f15a2c3f00afff6e176e8
httpx==0.28.1 \
    --hash=sha256:75e98c5f16b0f35b567856f597f06ff2270a374470a5c2392242528e3e3e42fc \
    --hash=sha256:d909fcccc110f8c7faf814ca82a9a4d816bc5a6dbfea25d6591d6985b8ba59ad
huggingface-hub==1.29.0 \
    --hash=sha256:6ebb385a581435325cf6d5c5b233d5d4bc91175834d99fd65dae14379b36e9ad \
    --hash=sha256:b00f7782afc14db4bc6572763810a635bdfbab8623d957bfb553bd18e03852cd
idna==3.18 \
    --hash=sha256:7f952cbe720b688055e3f87de14f5c3e5fdaa8bc3928985c4077ca689de849a2 \
    --hash=sha256:ffb385a7e039654cef1ab9ef32c6fafe283c0c0467bba1d9029738ce4a14a848
numpy==2.4.3 \
    --hash=sha256:0200b25c687033316fb39f0ff4e3e690e8957a2c3c8d22499891ec58c37a3eb5 \
    --hash=sha256:0448e7f9caefb34b4b7dd2b77f21e8906e5d6f0365ad525f9f4f530b13df2afc \
    --hash=sha256:0a195f4216be9305a73c0e91c9b026a35f2161237cf1c6de9b681637772ea657 \
    --hash=sha256:0a60e17a14d640f49146cb38e3f105f571318db7826d9b6fef7e4dce758faecd \
    --hash=sha256:120df8c0a81ebbf5b9020c91439fccd85f5e018a927a39f624845be194a2be02 \
    --hash=sha256:148d59127ac95979d6f07e4d460f934ebdd6eed641db9c0db6c73026f2b2101a \
    --hash=sha256:1ec84fd7c8e652b0f4aaaf2e6e9cc8eaa9b1b80a537e06b2e3a2fb176eedcb26 \
    --hash=sha256:22654fe6be0e5206f553a9250762c653d3698e46686eee53b399ab90da59bd92 \
    --hash=sha256:22c31dc07025123aedf7f2db9e91783df13f1776dc52c6b22c620870dc0fab22 \
    --hash=sha256:23b46bb6d8ecb68b58c09944483c135ae5f0e9b8d8858ece5e4ead783771d2a9 \
    --hash=sha256:2629289168f4897a3c4e23dc98d6f1731f0fc0fe52fb9db19f974041e4cc12b9 \
    --hash=sha256:26952e18d82a1dbbc2f008d402021baa8d6fc8e84347a2072a25e08b46d698b9 \
    --hash=sha256:29363fbfa6f8ee855d7569c96ce524845e3d726d6c19b29eceec7dd555dab152 \
    --hash=sha256:297837823f5bc572c5f9379b0c9f3a3365f08492cbdc33bcc3af174372ebb168 \
    --hash=sha256:2abad5c7fef172b3377502bde47892439bae394a71bc329f31df0fd829b41a9e \
    --hash=sha256:2b3f8d2c4589b1a2028d2a770b0fc4d1f332fb5e01521f4de3199a896d158ddd \
    --hash=sha256:2ddb7919366ee468342b91dea2352824c25b55814a987847b6c52003a7c97f15 \
    --hash=sha256:2e03c05abaee1f672e9d67bc858f300b5ccba1c21397211e8d77d98350972093 \
    --hash=sha256:32e3bef222ad6b052280311d1d60db8e259e4947052c3ae7dd6817451fc8a4c5 \
    --hash=sha256:33b3bf58ee84b172c067f56aeadc7ee9ab6de69c5e800ab5b10295d54c581adb \
    --hash=sha256:45f003dbdffb997a03da2d1d0cb41fbd24a87507fb41605c0420a3db5bd4667b \
    --hash=sha256:483a201202b73495f00dbc83796c6ae63137a9bdade074f7648b3e32613412dd \
    --hash=sha256:48da3a4ee1336454b07497ff7ec83903efa5505792c4e6d9bf83d99dc07a1e18 \
    --hash=sha256:4b42639cdde6d24e732ff823a3fa5b701d8acad89c4142bc1d0bd6dc85200ba5 \
    --hash=sha256:4bd4741a6a676770e0e97fe9ab2e51de01183df3dcbcec591d26d331a40de950 \
    --hash=sha256:4d382735cecd7bcf090172489a525cd7d4087bc331f7df9f60ddc9a296cf208e \
    --hash=sha256:52077feedeff7c76ed7c9f1a0428558e50825347b7545bbb8523da2cd55c547a \
    --hash=sha256:54f29b877279d51e210e0c80709ee14ccbbad647810e8f3d375561c45ef613dd \
    --hash=sha256:5884ce5c7acfae1e4e1b6fde43797d10aa506074d25b531b4f54bde33c0c31d4 \
    --hash=sha256:5e10da9e93247e554bb1d22f8edc51847ddd7dde52d85ce31024c1b4312bfba0 \
    --hash=sha256:61b0cbabbb6126c8df63b9a3a0c4b1f44ebca5e12ff6997b80fcf267fb3150ef \
    --hash=sha256:65f3c2455188f09678355f5cae1f959a06b778bc66d535da07bf2ef20cd319d5 \
    --hash=sha256:679f2a834bae9020f81534671c56fd0cc76dd7e5182f57131478e23d0dc59e24 \
    --hash=sha256:6bd06731541f89cdc01b261ba2c9e037f1543df7472517836b78dfb15bd6e476 \
    --hash=sha256:715de7f82e192e8cae5a507a347d97ad17598f8e026152ca97233e3666daaa71 \
    --hash=sha256:737f630a337364665aba3b5a77e56a68cc42d350edd010c345d65a3efa3addcc \
    --hash=sha256:7395e69ff32526710748f92cd8c9849b361830968ea3e24a676f272653e8983e \
    --hash=sha256:76dbb9d4e43c16cf9aa711fcd8de1e2eeb27539dcefb60a1d5e9f12fae1d1ed8 \
    --hash=sha256:76f0f283506c28b12bba319c0fab98217e9f9b54e6160e9c79e9f7348ba32e9c \
    --hash=sha256:77e76d932c49a75617c6d13464e41203cd410956614d0a0e999b25e9e8d27eec \
    --hash=sha256:7aa4e54f6469300ebca1d9eb80acd5253cdfa36f2c03d79a35883687da430875 \
    --hash=sha256:7d1ce23cce91fcea443320a9d0ece9b9305d4368875bab09538f7a5b4131938a \
    --hash=sha256:7e58765ad74dcebd3ef0208a5078fba32dc8ec3578fe84a604432950cd043d79 \
    --hash=sha256:7f3408ff897f8ab07a07fbe2823d7aee6ff644c097cc1f90382511fe982f647f \
    --hash=sha256:8ba7b51e71c05aa1f9bc3641463cd82308eab40ce0d5c7e1fd4038cbf9938147 \
    --hash=sha256:8e236dbda4e1d319d681afcbb136c0c4a8e0f1a5c58ceec2adebb547357fe857 \
    --hash=sha256:94f3c4a151a2e529adf49c1d54f0f57ff8f9b233ee4d44af623a81553ab86368 \
    --hash=sha256:9684823a78a6cd6ad7511fc5e25b07947d1d5b5e2812c93fe99d7d4195130720 \
    --hash=sha256:a016db5c5dba78fa8fe9f5d80d6708f9c42ab087a739803c0ac83a43d686a470 \
    --hash=sha256:a111698b4a3f8dcbe54c64a7708f049355abd603e619013c346553c1fd4ca90b \
    --hash=sha256:a1988292870c7cb9d0ebb4cc96b4d447513a9644801de54606dc7aabf2b7d920 \
    --hash=sha256:a315e5234d88067f2d97e1f2ef670a7569df445d55400f1e33d117418d008d52 \
    --hash=sha256:a749547700de0a20a6718293396ec237bb38218049cfce788e08fcb716e8cf73 \
    --hash=sha256:a97cbf7e905c435865c2d939af3d93f99d18eaaa3cabe4256f4304fb51604349 \
    --hash=sha256:abdce0f71dcb4a00e4e77f3faf05e4616ceccfe72ccaa07f47ee79cda3b7b0f4 \
    --hash=sha256:b346845443716c8e542d54112966383b448f4a3ba5c66409771b8c0889485dd3 \
    --hash=sha256:b44fd60341c4d9783039598efadd03617fa28d041fc37d22b62d08f2027fa0e7 \
    --hash=sha256:bb2e3cf95854233799013779216c57e153c1ee67a0bf92138acca0e429aefaee \
    --hash=sha256:bc71942c789ef415a37f0d4eab90341425a00d538cd0642445d30b41023d3395 \
    --hash=sha256:be3b8487d725a77acccc9924f65fd8bce9af7fac8c9820df1049424a2115af6c \
    --hash=sha256:c59020932feb24ed49ffd03704fbab89f22aa9c0d4b180ff45542fe8918f5611 \
    --hash=sha256:c6b124bfcafb9e8d3ed09130dbee44848c20b3e758b6bbf006e641778927c028 \
    --hash=sha256:c9619741e9da2059cd9c3f206110b97583c7152c1dc9f8aafd4beb450ac1c89d \
    --hash=sha256:cd32fbacb9fd1bf041bf8e89e4576b6f00b895f06d00914820ae06a616bdfef7 \
    --hash=sha256:d1b90d840b25874cf5cd20c219af10bac3667db3876d9a495609273ebe679070 \
    --hash=sha256:d213c7e6e8d211888cc359bab7199670a00f5b82c0978b9d1c75baf1eddbeac0 \
    --hash=sha256:d5f51900414fc9204a0e0da158ba2ac52b75656e7dce7e77fb9f84bfa343b4cc \
    --hash=sha256:d71e379452a2f670ccb689ec801b1218cd3983e253105d6e83780967e899d687 \
    --hash=sha256:d84f0f881cb2225c2dfd7f78a10a5645d487a496c6668d6cc39f0f114164f3d0 \
    --hash=sha256:decb0eb8a53c3b009b0962378065589685d66b23467ef5dac16cbe818afde27f \
    --hash=sha256:e7dd01a46700b1967487141a66ac1a3cf0dd8ebf1f08db37d46389401512ca97 \
    --hash=sha256:eb610595dd91560905c132c709412b512135a60f1851ccbd2c959e136431ff67
onnxruntime==1.28.0 \
    --hash=sha256:07fb3cbe990d6bf0ab3c22bfbbfb0e314151266046ea6edb4a07f556b4258c5f \
    --hash=sha256:0a83bdb70d143cede762b677789bf2a7acca54b3fb82565601d5c30695aa933c \
    --hash=sha256:0d650aeee29368414367b65529e90afe4bf1bab76254789063b8b2f7ea3013c8 \
    --hash=sha256:0faf85fb447a663c9cdadc39bd6b19bdf7bedded6699e45731b9b36c46fd993d \
    --hash=sha256:1a1a19175464665c9b8d50bc916f216cc0b569110045b7bbca8f9f290b186f58 \
    --hash=sha256:26ff0fdd06efb6c155bae95387a09db1a2be89c7a03e4d0bffd5a171cc2826da \
    --hash=sha256:31410f544674f534c2f27348af52ef81682ca9c8719154bf4d48f0ef23823b1e \
    --hash=sha256:4e81a23df16e7acb9d51b06d30cc098e49315ef9180f97bc2221d167b4b04d9c \
    --hash=sha256:4f6e92367ddce1e4d33cf295024f40192be6c6171a09208f515ba169ced06c8e \
    --hash=sha256:54fa221d669282bd8f582708ce4c96010a7e9fb0661f9006b37fe2fedafb73fe \
    --hash=sha256:6afdc83f1317c136e92fc29f5ee9f058de59d87c0b22cee3fdbfbaa0ccc2098a \
    --hash=sha256:8adff67a3f28257b37cfe945a7e952e4122666aa8c91a0380862e9fd4c2ed19f \
    --hash=sha256:8d66f9ceb29909c70839e4e4fb3435c7b490050d8f162bd5f3aba4ca01ee517f \
    --hash=sha256:a166b78ee04f3a37fa1ef82034b6a3ce96d9684e582d4d30b296de83e9998bb5 \
    --hash=sha256:ac301f53b1930402fc46c368e268acfed02f3207272aaff05070d7e09f96f031 \
    --hash=sha256:bc2565e487b4896fb988d6383577d875d958e071fc5f6c3550bd5d02ae98264b \
    --hash=sha256:c35064f9b3c43c81c5d5d282091401d0f1ff22796d93ccade4ea2ece5e137ab8 \
    --hash=sha256:cfab507abe09d6ffeb817eee07944d452fdc0b00fdcef34cab4db10a45e378c7 \
    --hash=sha256:e02feeb0165c5f13b4cc954738078d59b90128516ac12b671ee24a530242bf02 \
    --hash=sha256:e562d6e36a749f6764481c0ddb0f2af3d0b5a3c164291361d08803c557f369af \
    --hash=sha256:f2a3b9e30ce880d4ca54999cb313569e36da4f62eefe25f87be18f43e9a3a4d5 \
    --hash=sha256:f5c5daabd28aad610f83fdcf32acec8fb57e6adc6c6a39fe2a3c755db957b410 \
    --hash=sha256:f649dd6f6452d12a8059888aa489fe519e062e18793dac72b9efa0f9fdb64135 \
    --hash=sha256:f7f022a1103cae591c75fc4565589a515f2ddd14a6ac8e8a05812dfeda142e28
packaging==26.0 \
    --hash=sha256:00243ae351a257117b6a241061796684b084ed1c516a08c48a3f7e147a9d80b4 \
    --hash=sha256:b36f1fef9334a5588b4166f8bcd26a14e521f2b55e6b9de3aaa80d3ff7a37529
protobuf==6.33.5 \
    --hash=sha256:3093804752167bcab3998bec9f1048baae6e29505adaf1afd14a37bddede533c \
    --hash=sha256:69915a973dd0f60f31a08b8318b73eab2bd6a392c79184b3612226b0a3f8ec02 \
    --hash=sha256:6ddcac2a081f8b7b9642c09406bc6a4290128fce5f471cddd165960bb9119e5c \
    --hash=sha256:8afa18e1d6d20af15b417e728e9f60f3aa108ee76f23c3b2c07a2c3b546d3afd \
    --hash=sha256:8f04fa32763dcdb4973d537d6b54e615cc61108c7cb38fe59310c3192d29510a \
    --hash=sha256:9b71e0281f36f179d00cbcb119cb19dec4d14a81393e5ea220f64b286173e190 \
    --hash=sha256:a3157e62729aafb8df6da2c03aa5c0937c7266c626ce11a278b6eb7963c4e37c \
    --hash=sha256:a5cb85982d95d906df1e2210e58f8e4f1e3cdc088e52c921a041f9c9a0386de5 \
    --hash=sha256:cbf16ba3350fb7b889fca858fb215967792dc125b35c7976ca4818bee3521cf0 \
    --hash=sha256:d71b040839446bac0f4d162e758bea99c8251161dae9d0983a3b88dee345153b
pyyaml==6.0.3 \
    --hash=sha256:00c4bdeba853cc34e7dd471f16b4114f4162dc03e6b7afcc2128711f0eca823c \
    --hash=sha256:0150219816b6a1fa26fb4699fb7daa9caf09eb1999f3b70fb6e786805e80375a \
    --hash=sha256:02893d100e99e03eda1c8fd5c441d8c60103fd175728e23e431db1b589cf5ab3 \
    --hash=sha256:02ea2dfa234451bbb8772601d7b8e426c2bfa197136796224e50e35a78777956 \
    --hash=sha256:0f29edc409a6392443abf94b9cf89ce99889a1dd5376d94316ae5145dfedd5d6 \
    --hash=sha256:10892704fc220243f5305762e276552a0395f7beb4dbf9b14ec8fd43b57f126c \
    --hash=sha256:16249ee61e95f858e83976573de0f5b2893b3677ba71c9dd36b9cf8be9ac6d65 \
    --hash=sha256:1d37d57ad971609cf3c53ba6a7e365e40660e3be0e5175fa9f2365a379d6095a \
    --hash=sha256:1ebe39cb5fc479422b83de611d14e2c0d3bb2a18bbcb01f229ab3cfbd8fee7a0 \
    --hash=sha256:214ed4befebe12df36bcc8bc2b64b396ca31be9304b8f59e25c11cf94a4c033b \
    --hash=sha256:2283a07e2c21a2aa78d9c4442724ec1eb15f5e42a723b99cb3d822d48f5f7ad1 \
    --hash=sha256:22ba7cfcad58ef3ecddc7ed1db3409af68d023b7f940da23c6c2a1890976eda6 \
    --hash=sha256:27c0abcb4a5dac13684a37f76e701e054692a9b2d3064b70f5e4eb54810553d7 \
    --hash=sha256:28c8d926f98f432f88adc23edf2e6d4921ac26fb084b028c733d01868d19007e \
    --hash=sha256:2e71d11abed7344e42a8849600193d15b6def118602c4c176f748e4583246007 \
    --hash=sha256:34d5fcd24b8445fadc33f9cf348c1047101756fd760b4dacb5c3e99755703310 \
    --hash=sha256:37503bfbfc9d2c40b344d06b2199cf0e96e97957ab1c1b546fd4f87e53e5d3e4 \
    --hash=sha256:3c5677e12444c15717b902a5798264fa7909e41153cdf9ef7ad571b704a63dd9 \
    --hash=sha256:3ff07ec89bae51176c0549bc4c63aa6202991da2d9a6129d7aef7f1407d3f295 \
    --hash=sha256:41715c910c881bc081f1e8872880d3c650acf13dfa8214bad49ed4cede7c34ea \
    --hash=sha256:418cf3f2111bc80e0933b2cd8cd04f286338bb88bdc7bc8e6dd775ebde60b5e0 \
    --hash=sha256:44edc647873928551a01e7a563d7452ccdebee747728c1080d881d68af7b997e \
    --hash=sha256:4a2e8cebe2ff6ab7d1050ecd59c25d4c8bd7e6f400f5f82b96557ac0abafd0ac \
    --hash=sha256:4ad1906908f2f5ae4e5a8ddfce73c320c2a1429ec52eafd27138b7f1cbe341c9 \
    --hash=sha256:501a031947e3a9025ed4405a168e6ef5ae3126c59f90ce0cd6f2bfc477be31b7 \
    --hash=sha256:5190d403f121660ce8d1d2c1bb2ef1bd05b5f68533fc5c2ea899bd15f4399b35 \
    --hash=sha256:5498cd1645aa724a7c71c8f378eb29ebe23da2fc0d7a08071d89469bf1d2defb \
    --hash=sha256:5cf4e27da7e3fbed4d6c3d8e797387aaad68102272f8f9752883bc32d61cb87b \
    --hash=sha256:5e0b74767e5f8c593e8c9b5912019159ed0533c70051e9cce3e8b6aa699fcd69 \
    --hash=sha256:5ed875a24292240029e4483f9d4a4b8a1ae08843b9c54f43fcc11e404532a8a5 \
    --hash=sha256:5fcd34e47f6e0b794d17de1b4ff496c00986e1c83f7ab2fb8fcfe9616ff7477b \
    --hash=sha256:5fdec68f91a0c6739b380c83b951e2c72ac0197ace422360e6d5a959d8d97b2c \
    --hash=sha256:6344df0d5755a2c9a276d4473ae6b90647e216ab4757f8426893b5dd2ac3f369 \
    --hash=sha256:64386e5e707d03a7e172c0701abfb7e10f0fb753ee1d773128192742712a98fd \
    --hash=sha256:652cb6edd41e718550aad172851962662ff2681490a8a711af6a4d288dd96824 \
    --hash=sha256:66291b10affd76d76f54fad28e22e51719ef9ba22b29e1d7d03d6777a9174198 \
    --hash=sha256:66e1674c3ef6f541c35191caae2d429b967b99e02040f5ba928632d9a7f0f065 \
    --hash=sha256:6adc77889b628398debc7b65c073bcb99c4a0237b248cacaf3fe8a557563ef6c \
    --hash=sha256:79005a0d97d5ddabfeeea4cf676af11e647e41d81c9a7722a193022accdb6b7c \
    --hash=sha256:7c6610def4f163542a622a73fb39f534f8c101d690126992300bf3207eab9764 \
    --hash=sha256:7f047e29dcae44602496db43be01ad42fc6f1cc0d8cd6c83d342306c32270196 \
    --hash=sha256:8098f252adfa6c80ab48096053f512f2321f0b998f98150cea9bd23d83e1467b \
    --hash=sha256:850774a7879607d3a6f50d36d04f00ee69e7fc816450e5f7e58d7f17f1ae5c00 \
    --hash=sha256:8d1fab6bb153a416f9aeb4b8763bc0f22a5586065f86f7664fc23339fc1c1fac \
    --hash=sha256:8da9669d359f02c0b91ccc01cac4a67f16afec0dac22c2ad09f46bee0697eba8 \
    --hash=sha256:8dc52c23056b9ddd46818a57b78404882310fb473d63f17b07d5c40421e47f8e \
    --hash=sha256:9149cad251584d5fb4981be1ecde53a1ca46c891a79788c0df828d2f166bda28 \
    --hash=sha256:93dda82c9c22deb0a405ea4dc5f2d0cda384168e466364dec6255b293923b2f3 \
    --hash=sha256:96b533f0e99f6579b3d4d4995707cf36df9100d67e0c8303a0c55b27b5f99bc5 \
    --hash=sha256:9c57bb8c96f6d1808c030b1687b9b5fb476abaa47f0db9c0101f5e9f394e97f4 \
    --hash=sha256:9c7708761fccb9397fe64bbc0395abcae8c4bf7b0eac081e12b809bf47700d0b \
    --hash=sha256:9f3bfb4965eb874431221a3ff3fdcddc7e74e3b07799e0e84ca4a0f867d449bf \
    --hash=sha256:a33284e20b78bd4a18c8c2282d549d10bc8408a2a7ff57653c0cf0b9be0afce5 \
    --hash=sha256:a80cb027f6b349846a3bf6d73b5e95e782175e52f22108cfa17876aaeff93702 \
    --hash=sha256:b30236e45cf30d2b8e7b3e85881719e98507abed1011bf463a8fa23e9c3e98a8 \
    --hash=sha256:b3bc83488de33889877a0f2543ade9f70c67d66d9ebb4ac959502e12de895788 \
    --hash=sha256:b865addae83924361678b652338317d1bd7e79b1f4596f96b96c77a5a34b34da \
    --hash=sha256:b8bb0864c5a28024fac8a632c443c87c5aa6f215c0b126c449ae1a150412f31d \
    --hash=sha256:ba1cc08a7ccde2d2ec775841541641e4548226580ab850948cbfda66a1befcdc \
    --hash=sha256:bdb2c67c6c1390b63c6ff89f210c8fd09d9a1217a465701eac7316313c915e4c \
    --hash=sha256:c1ff362665ae507275af2853520967820d9124984e0f7466736aea23d8611fba \
    --hash=sha256:c2514fceb77bc5e7a2f7adfaa1feb2fb311607c9cb518dbc378688ec73d8292f \
    --hash=sha256:c3355370a2c156cffb25e876646f149d5d68f5e0a3ce86a5084dd0b64a994917 \
    --hash=sha256:c458b6d084f9b935061bc36216e8a69a7e293a2f1e68bf956dcd9e6cbcd143f5 \
    --hash=sha256:d0eae10f8159e8fdad514efdc92d74fd8d682c933a6dd088030f3834bc8e6b26 \
    --hash=sha256:d76623373421df22fb4cf8817020cbb7ef15c725b9d5e45f17e189bfc384190f \
    --hash=sha256:ebc55a14a21cb14062aa4162f906cd962b28e2e9ea38f9b4391244cd8de4ae0b \
    --hash=sha256:eda16858a3cab07b80edaf74336ece1f986ba330fdb8ee0d6c0d68fe82bc96be \
    --hash=sha256:ee2922902c45ae8ccada2c5b501ab86c36525b883eff4255313a253a3160861c \
    --hash=sha256:efd7b85f94a6f21e4932043973a7ba2613b059c4a000551892ac9f1d11f5baf3 \
    --hash=sha256:f7057c9a337546edc7973c0d3ba84ddcdf0daa14533c2065749c9075001090e6 \
    --hash=sha256:fa160448684b4e94d80416c0fa4aac48967a969efe22931448d853ada8baf926 \
    --hash=sha256:fc09d0aa354569bc501d4e787133afc08552722d3ab34836a80547331bb5d4a0
setuptools==84.0.0 \
    --hash=sha256:51a52592b3b99e102b609654876bd65f19f999935166d1352678931132b0c670 \
    --hash=sha256:f4695c21257f0d9b537ec2692c941d02ee143b7cc1276941349a546573b2ef73
tokenizers==0.23.1 \
    --hash=sha256:120468fb4c24faf0543c835a4fabafa4deb3f20a035c9b6e83d0b553a97615d4 \
    --hash=sha256:1974288a609c343774f1b897c8b482c791ab17b75ab5c8c2b1737565c1d82288 \
    --hash=sha256:1bf13402aff9bc533c89cb849ec3b412dc3fbeacc9744840e423d7bf3f7dc0e3 \
    --hash=sha256:1feeeadf865a7915adc25445dea30e9933e593c31bb96c277cee36de227c8bfa \
    --hash=sha256:5075b405006415ea148a992d093699c66eb01952bf59f4d5727089a98bda45a4 \
    --hash=sha256:53b09e85775d5187941e7bab30e941b4134ab4a7dd8c68e783d231fb7ca27c51 \
    --hash=sha256:56f3a77de629917652f876294dc9fe6bad4a0c43bc229dc72e59bb23a0f4729a \
    --hash=sha256:93120a930b919416da7cd10a2f606ac9919cc69cacae7980fa2140e277660948 \
    --hash=sha256:9d10a6d957ef01896dc274e890eee27d41bd0e74ef31e60616f0fc311345184e \
    --hash=sha256:a26197957d8e4425dfba746315f3c425ea00cfa8367c5fbc4ec73447893dcea9 \
    --hash=sha256:ae848657742035523fdf261773630cb819a26995fcd3d9ecae0c1daf6e5a4959 \
    --hash=sha256:e03d6ffcbe0d56ee9c1ccd070e70a13fa750727c0277e138152acbc0252c2224 \
    --hash=sha256:e0948bbb1ac1d7cdfc9fb6d62c596e3b7550036ad60ecd654a66ad273326324e \
    --hash=sha256:e3d8f40ea6268047de7046906326abed5134f27d4e8447b23763afe5808c8a96 \
    --hash=sha256:e7bfaf995c1bdbbd21d13539decb6650967013759318627d85daeb7881af16b7 \
    --hash=sha256:ea5a0ce170074329faaa8ea3f6400ecde604b6678192688533af80980daae71a \
    --hash=sha256:f836ca703b89ae07919a309f9651f7a88fd5a33d5f718ba5ad0870ec0256bad6
tqdm==4.67.3 \
    --hash=sha256:7d825f03f89244ef73f1d4ce193cb1774a8179fd96f31d7e1dcde62092b960bb \
    --hash=sha256:ee1e4c0e59148062281c49d80b25b67771a127c85fc9676d3be5f243206826bf
typing-extensions==4.15.0 \
    --hash=sha256:0cea48d173cc12fa28ecabc3b837ea3cf6f38c6d1136f85cbaaf598984861466 \
    --hash=sha256:f0fa19c6845758ab08074a0cfa8b7aecb71c999ca73d62883bc25cc018c4e548
